
Microsoft Visual Studio Solution File, Format Version 12.00
# Visual Studio Version 16
VisualStudioVersion = 16.0.31402.337
MinimumVisualStudioVersion = 10.0.40219.1
Project("{FAE04EC0-301F-11D3-BF4B-00C04F79EFBC}") = "Blazor.wasm.pwa", "Blazor.wasm.pwa\Blazor.wasm.pwa.csproj", "{893A1CE4-0C38-49F8-900E-7332FDF8BF33}"
EndProject
Global
	GlobalSection(SolutionConfigurationPlatforms) = preSolution
		Debug|Any CPU = Debug|Any CPU
		Release|Any CPU = Release|Any CPU
	EndGlobalSection
	GlobalSection(ProjectConfigurationPlatforms) = postSolution
		{893A1CE4-0C38-49F8-900E-7332FDF8BF33}.Debug|Any CPU.ActiveCfg = Debug|Any CPU
		{893A1CE4-0C38-49F8-900E-7332FDF8BF33}.Debug|Any CPU.Build.0 = Debug|Any CPU
		{893A1CE4-0C38-49F8-900E-7332FDF8BF33}.Release|Any CPU.ActiveCfg = Release|Any CPU
		{893A1CE4-0C38-49F8-900E-7332FDF8BF33}.Release|Any CPU.Build.0 = Release|Any CPU
	EndGlobalSection
	GlobalSection(SolutionProperties) = preSolution
		HideSolutionNode = FALSE
	EndGlobalSection
	GlobalSection(ExtensibilityGlobals) = postSolution
		SolutionGuid = {1F3A3FE9-DCD3-4F92-B824-2F40D5BC65DE}
	EndGlobalSection
EndGlobal
